
Microsoft Visual Studio Solution File, Format Version 12.00
# Visual Studio 15
VisualStudioVersion = 15.0.27428.2037
MinimumVisualStudioVersion = 10.0.40219.1
Project("{FAE04EC0-301F-11D3-BF4B-00C04F79EFBC}") = "OfficeDirectory", "OfficeDirectory\OfficeDirectory.csproj", "{20AE377F-EF31-4566-8C24-D41FB8E5A681}"
EndProject
Global
	GlobalSection(SolutionConfigurationPlatforms) = preSolution
		Debug|Any CPU = Debug|Any CPU
		Release|Any CPU = Release|Any CPU
	EndGlobalSection
	GlobalSection(ProjectConfigurationPlatforms) = postSolution
		{20AE377F-EF31-4566-8C24-D41FB8E5A681}.Debug|Any CPU.ActiveCfg = Debug|Any CPU
		{20AE377F-EF31-4566-8C24-D41FB8E5A681}.Debug|Any CPU.Build.0 = Debug|Any CPU
		{20AE377F-EF31-4566-8C24-D41FB8E5A681}.Release|Any CPU.ActiveCfg = Release|Any CPU
		{20AE377F-EF31-4566-8C24-D41FB8E5A681}.Release|Any CPU.Build.0 = Release|Any CPU
	EndGlobalSection
	GlobalSection(SolutionProperties) = preSolution
		HideSolutionNode = FALSE
	EndGlobalSection
	GlobalSection(ExtensibilityGlobals) = postSolution
		SolutionGuid = {F801C035-482D-440B-8F2C-22B2D2AF1889}
	EndGlobalSection
EndGlobal
